// !$*UTF8*$!
{
	archiveVersion = 1;
	classes = {
	};
	objectVersion = 46;
	objects = {

/* Begin PBXBuildFile section */
		2CDCBADE1E5D278E000AD796 /* AppDelegate.swift in Sources */ = {isa = PBXBuildFile; fileRef = 2CDCBADD1E5D278E000AD796 /* AppDelegate.swift */; };
		2CDCBAE01E5D278E000AD796 /* ViewController.swift in Sources */ = {isa = PBXBuildFile; fileRef = 2CDCBADF1E5D278E000AD796 /* ViewController.swift */; };
		2CDCBAE31E5D278E000AD796 /* Main.storyboard in Resources */ = {isa = PBXBuildFile; fileRef = 2CDCBAE11E5D278E000AD796 /* Main.storyboard */; };
		2CDCBAE61E5D278E000AD796 /* ShopingList300921136.xcdatamodeld in Sources */ = {isa = PBXBuildFile; fileRef = 2CDCBAE41E5D278E000AD796 /* ShopingList300921136.xcdatamodeld */; };
		2CDCBAE81E5D278E000AD796 /* Assets.xcassets in Resources */ = {isa = PBXBuildFile; fileRef = 2CDCBAE71E5D278E000AD796 /* Assets.xcassets */; };
		2CDCBAEB1E5D278E000AD796 /* LaunchScreen.storyboard in Resources */ = {isa = PBXBuildFile; fileRef = 2CDCBAE91E5D278E000AD796 /* LaunchScreen.storyboard */; };
/* End PBXBuildFile section */

/* Begin PBXFileReference section */
		2CDCBADA1E5D278E000AD796 /* ShopingList300921136.app */ = {isa = PBXFileReference; explicitFileType = wrapper.application; includeInIndex = 0; path = ShopingList300921136.app; sourceTree = BUILT_PRODUCTS_DIR; };
		2CDCBADD1E5D278E000AD796 /* AppDelegate.swift */ = {isa = PBXFileReference; lastKnownFileType = sourcecode.swift; path = AppDelegate.swift; sourceTree = "<group>"; };
		2CDCBADF1E5D278E000AD796 /* ViewController.swift */ = {isa = PBXFileReference; lastKnownFileType = sourcecode.swift; path = ViewController.swift; sourceTree = "<group>"; };
		2CDCBAE21E5D278E000AD796 /* Base */ = {isa = PBXFileReference; lastKnownFileType = file.storyboard; name = Base; path = Base.lproj/Main.storyboard; sourceTree = "<group>"; };
		2CDCBAE51E5D278E000AD796 /* ShopingList300921136.xcdatamodel */ = {isa = PBXFileReference; lastKnownFileType = wrapper.xcdatamodel; path = ShopingList300921136.xcdatamodel; sourceTree = "<group>"; };
		2CDCBAE71E5D278E000AD796 /* Assets.xcassets */ = {isa = PBXFileReference; lastKnownFileType = folder.assetcatalog; path = Assets.xcassets; sourceTree = "<group>"; };
		2CDCBAEA1E5D278E000AD796 /* Base */ = {isa = PBXFileReference; lastKnownFileType = file.storyboard; name = Base; path = Base.lproj/LaunchScreen.storyboard; sourceTree = "<group>"; };
		2CDCBAEC1E5D278E000AD796 /* Info.plist */ = {isa = PBXFileReference; lastKnownFileType = text.plist.xml; path = Info.plist; sourceTree = "<group>"; };
/* End PBXFileReference section */

/* Begin PBXFrameworksBuildPhase section */
		2CDCBAD71E5D278E000AD796 /* Frameworks */ = {
			isa = PBXFrameworksBuildPhase;
			buildActionMask = 2147483647;
			files = (
			);
			runOnlyForDeploymentPostprocessing = 0;
		};
/* End PBXFrameworksBuildPhase section */

/* Begin PBXGroup section */
		2CDCBAD11E5D278E000AD796 = {
			isa = PBXGroup;
			children = (
				2CDCBADC1E5D278E000AD796 /* ShopingList300921136 */,
				2CDCBADB1E5D278E000AD796 /* Products */,
			);
			sourceTree = "<group>";
		};
		2CDCBADB1E5D278E000AD796 /* Products */ = {
			isa = PBXGroup;
			children = (
				2CDCBADA1E5D278E000AD796 /* ShopingList300921136.app */,
			);
			name = Products;
			sourceTree = "<group>";
		};
		2CDCBADC1E5D278E000AD796 /* ShopingList300921136 */ = {
			isa = PBXGroup;
			children = (
				2CDCBADD1E5D278E000AD796 /* AppDelegate.swift */,
				2CDCBADF1E5D278E000AD796 /* ViewController.swift */,
				2CDCBAE11E5D278E000AD796 /* Main.storyboard */,
				2CDCBAE71E5D278E000AD796 /* Assets.xcassets */,
				2CDCBAE91E5D278E000AD796 /* LaunchScreen.storyboard */,
				2CDCBAEC1E5D278E000AD796 /* Info.plist */,
				2CDCBAE41E5D278E000AD796 /* ShopingList300921136.xcdatamodeld */,
			);
			path = ShopingList300921136;
			sourceTree = "<group>";
		};
/* End PBXGroup section */

/* Begin PBXNativeTarget section */
		2CDCBAD91E5D278E000AD796 /* ShopingList300921136 */ = {
			isa = PBXNativeTarget;
			buildConfigurationList = 2CDCBAEF1E5D278E000AD796 /* Build configuration list for PBXNativeTarget "ShopingList300921136" */;
			buildPhases = (
				2CDCBAD61E5D278E000AD796 /* Sources */,
				2CDCBAD71E5D278E000AD796 /* Frameworks */,
				2CDCBAD81E5D278E000AD796 /* Resources */,
			);
			buildRules = (
			);
			dependencies = (
			);
			name = ShopingList300921136;
			productName = ShopingList300921136;
			productReference = 2CDCBADA1E5D278E000AD796 /* ShopingList300921136.app */;
			productType = "com.apple.product-type.application";
		};
/* End PBXNativeTarget section */

/* Begin PBXProject section */
		2CDCBAD21E5D278E000AD796 /* Project object */ = {
			isa = PBXProject;
			attributes = {
				LastSwiftUpdateCheck = 0820;
				LastUpgradeCheck = 0820;
				ORGANIZATIONNAME = Sajid;
				TargetAttributes = {
					2CDCBAD91E5D278E000AD796 = {
						CreatedOnToolsVersion = 8.2.1;
						ProvisioningStyle = Automatic;
					};
				};
			};
			buildConfigurationList = 2CDCBAD51E5D278E000AD796 /* Build configuration list for PBXProject "ShopingList300921136" */;
			compatibilityVersion = "Xcode 3.2";
			developmentRegion = English;
			hasScannedForEncodings = 0;
			knownRegions = (
				en,
				Base,
			);
			mainGroup = 2CDCBAD11E5D278E000AD796;
			productRefGroup = 2CDCBADB1E5D278E000AD796 /* Products */;
			projectDirPath = "";
			projectRoot = "";
			targets = (
				2CDCBAD91E5D278E000AD796 /* ShopingList300921136 */,
			);
		};
/* End PBXProject section */

/* Begin PBXResourcesBuildPhase section */
		2CDCBAD81E5D278E000AD796 /* Resources */ = {
			isa = PBXResourcesBuildPhase;
			buildActionMask = 2147483647;
			files = (
				2CDCBAEB1E5D278E000AD796 /* LaunchScreen.storyboard in Resources */,
				2CDCBAE81E5D278E000AD796 /* Assets.xcassets in Resources */,
				2CDCBAE31E5D278E000AD796 /* Main.storyboard in Resources */,
			);
			runOnlyForDeploymentPostprocessing = 0;
		};
/* End PBXResourcesBuildPhase section */

/* Begin PBXSourcesBuildPhase section */
		2CDCBAD61E5D278E000AD796 /* Sources */ = {
			isa = PBXSourcesBuildPhase;
			buildActionMask = 2147483647;
			files = (
				2CDCBAE01E5D278E000AD796 /* ViewController.swift in Sources */,
				2CDCBAE61E5D278E000AD796 /* ShopingList300921136.xcdatamodeld in Sources */,
				2CDCBADE1E5D278E000AD796 /* AppDelegate.swift in Sources */,
			);
			runOnlyForDeploymentPostprocessing = 0;
		};
/* End PBXSourcesBuildPhase section */

/* Begin PBXVariantGroup section */
		2CDCBAE11E5D278E000AD796 /* Main.storyboard */ = {
			isa = PBXVariantGroup;
			children = (
				2CDCBAE21E5D278E000AD796 /* Base */,
			);
			name = Main.storyboard;
			sourceTree = "<group>";
		};
		2CDCBAE91E5D278E000AD796 /* LaunchScreen.storyboard */ = {
			isa = PBXVariantGroup;
			children = (
				2CDCBAEA1E5D278E000AD796 /* Base */,
			);
			name = LaunchScreen.storyboard;
			sourceTree = "<group>";
		};
/* End PBXVariantGroup section */

/* Begin XCBuildConfiguration section */
		2CDCBAED1E5D278E000AD796 /* Debug */ = {
			isa = XCBuildConfiguration;
			buildSettings = {
				ALWAYS_SEARCH_USER_PATHS = NO;
				CLANG_ANALYZER_NONNULL = YES;
				CLANG_CXX_LANGUAGE_STANDARD = "gnu++0x";
				CLANG_CXX_LIBRARY = "libc++";
				CLANG_ENABLE_MODULES = YES;
				CLANG_ENABLE_OBJC_ARC = YES;
				CLANG_WARN_BOOL_CONVERSION = YES;
				CLANG_WARN_CONSTANT_CONVERSION = YES;
				CLANG_WARN_DIRECT_OBJC_ISA_USAGE = YES_ERROR;
				CLANG_WARN_DOCUMENTATION_COMMENTS = YES;
				CLANG_WARN_EMPTY_BODY = YES;
				CLANG_WARN_ENUM_CONVERSION = YES;
				CLANG_WARN_INFINITE_RECURSION = YES;
				CLANG_WARN_INT_CONVERSION = YES;
				CLANG_WARN_OBJC_ROOT_CLASS = YES_ERROR;
				CLANG_WARN_SUSPICIOUS_MOVE = YES;
				CLANG_WARN_UNREACHABLE_CODE = YES;
				CLANG_WARN__DUPLICATE_METHOD_MATCH = YES;
				"CODE_SIGN_IDENTITY[sdk=iphoneos*]" = "iPhone Developer";
				COPY_PHASE_STRIP = NO;
				DEBUG_INFORMATION_FORMAT = dwarf;
				ENABLE_STRICT_OBJC_MSGSEND = YES;
				ENABLE_TESTABILITY = YES;
				GCC_C_LANGUAGE_STANDARD = gnu99;
				GCC_DYNAMIC_NO_PIC = NO;
				GCC_NO_COMMON_BLOCKS = YES;
				GCC_OPTIMIZATION_LEVEL = 0;
				GCC_PREPROCESSOR_DEFINITIONS = (
					"DEBUG=1",
					"$(inherited)",
				);
				GCC_WARN_64_TO_32_BIT_CONVERSION = YES;
				GCC_WARN_ABOUT_RETURN_TYPE = YES_ERROR;
				GCC_WARN_UNDECLARED_SELECTOR = YES;
				GCC_WARN_UNINITIALIZED_AUTOS = YES_AGGRESSIVE;
				GCC_WARN_UNUSED_FUNCTION = YES;
				GCC_WARN_UNUSED_VARIABLE = YES;
				IPHONEOS_DEPLOYMENT_TARGET = 10.2;
				MTL_ENABLE_DEBUG_INFO = YES;
				ONLY_ACTIVE_ARCH = YES;
				SDKROOT = iphoneos;
				SWIFT_ACTIVE_COMPILATION_CONDITIONS = DEBUG;
				SWIFT_OPTIMIZATION_LEVEL = "-Onone";
			};
			name = Debug;
		};
		2CDCBAEE1E5D278E000AD796 /* Release */ = {
			isa = XCBuildConfiguration;
			buildSettings = {
				ALWAYS_SEARCH_USER_PATHS = NO;
				CLANG_ANALYZER_NONNULL = YES;
				CLANG_CXX_LANGUAGE_STANDARD = "gnu++0x";
				CLANG_CXX_LIBRARY = "libc++";
				CLANG_ENABLE_MODULES = YES;
				CLANG_ENABLE_OBJC_ARC = YES;
				CLANG_WARN_BOOL_CONVERSION = YES;
				CLANG_WARN_CONSTANT_CONVERSION = YES;
				CLANG_WARN_DIRECT_OBJC_ISA_USAGE = YES_ERROR;
				CLANG_WARN_DOCUMENTATION_COMMENTS = YES;
				CLANG_WARN_EMPTY_BODY = YES;
				CLANG_WARN_ENUM_CONVERSION = YES;
				CLANG_WARN_INFINITE_RECURSION = YES;
				CLANG_WARN_INT_CONVERSION = YES;
				CLANG_WARN_OBJC_ROOT_CLASS = YES_ERROR;
				CLANG_WARN_SUSPICIOUS_MOVE = YES;
				CLANG_WARN_UNREACHABLE_CODE = YES;
				CLANG_WARN__DUPLICATE_METHOD_MATCH = YES;
				"CODE_SIGN_IDENTITY[sdk=iphoneos*]" = "iPhone Developer";
				COPY_PHASE_STRIP = NO;
				DEBUG_INFORMATION_FORMAT = "dwarf-with-dsym";
				ENABLE_NS_ASSERTIONS = NO;
				ENABLE_STRICT_OBJC_MSGSEND = YES;
				GCC_C_LANGUAGE_STANDARD = gnu99;
				GCC_NO_COMMON_BLOCKS = YES;
				GCC_WARN_64_TO_32_BIT_CONVERSION = YES;
				GCC_WARN_ABOUT_RETURN_TYPE = YES_ERROR;
				GCC_WARN_UNDECLARED_SELECTOR = YES;
				GCC_WARN_UNINITIALIZED_AUTOS = YES_AGGRESSIVE;
				GCC_WARN_UNUSED_FUNCTION = YES;
				GCC_WARN_UNUSED_VARIABLE = YES;
				IPHONEOS_DEPLOYMENT_TARGET = 10.2;
				MTL_ENABLE_DEBUG_INFO = NO;
				SDKROOT = iphoneos;
				SWIFT_OPTIMIZATION_LEVEL = "-Owholemodule";
				VALIDATE_PRODUCT = YES;
			};
			name = Release;
		};
		2CDCBAF01E5D278E000AD796 /* Debug */ = {
			isa = XCBuildConfiguration;
			buildSettings = {
				ASSETCATALOG_COMPILER_APPICON_NAME = AppIcon;
				INFOPLIST_FILE = ShopingList300921136/Info.plist;
				LD_RUNPATH_SEARCH_PATHS = "$(inherited) @executable_path/Frameworks";
				PRODUCT_BUNDLE_IDENTIFIER = com.ByteMelocation.ShopingList300921136;
				PRODUCT_NAME = "$(TARGET_NAME)";
				SWIFT_VERSION = 3.0;
			};
			name = Debug;
		};
		2CDCBAF11E5D278E000AD796 /* Release */ = {
			isa = XCBuildConfiguration;
			buildSettings = {
				ASSETCATALOG_COMPILER_APPICON_NAME = AppIcon;
				INFOPLIST_FILE = ShopingList300921136/Info.plist;
				LD_RUNPATH_SEARCH_PATHS = "$(inherited) @executable_path/Frameworks";
				PRODUCT_BUNDLE_IDENTIFIER = com.ByteMelocation.ShopingList300921136;
				PRODUCT_NAME = "$(TARGET_NAME)";
				SWIFT_VERSION = 3.0;
			};
			name = Release;
		};
/* End XCBuildConfiguration section */

/* Begin XCConfigurationList section */
		2CDCBAD51E5D278E000AD796 /* Build configuration list for PBXProject "ShopingList300921136" */ = {
			isa = XCConfigurationList;
			buildConfigurations = (
				2CDCBAED1E5D278E000AD796 /* Debug */,
				2CDCBAEE1E5D278E000AD796 /* Release */,
			);
			defaultConfigurationIsVisible = 0;
			defaultConfigurationName = Release;
		};
		2CDCBAEF1E5D278E000AD796 /* Build configuration list for PBXNativeTarget "ShopingList300921136" */ = {
			isa = XCConfigurationList;
			buildConfigurations = (
				2CDCBAF01E5D278E000AD796 /* Debug */,
				2CDCBAF11E5D278E000AD796 /* Release */,
			);
			defaultConfigurationIsVisible = 0;
		};
/* End XCConfigurationList section */

/* Begin XCVersionGroup section */
		2CDCBAE41E5D278E000AD796 /* ShopingList300921136.xcdatamodeld */ = {
			isa = XCVersionGroup;
			children = (
				2CDCBAE51E5D278E000AD796 /* ShopingList300921136.xcdatamodel */,
			);
			currentVersion = 2CDCBAE51E5D278E000AD796 /* ShopingList300921136.xcdatamodel */;
			path = ShopingList300921136.xcdatamodeld;
			sourceTree = "<group>";
			versionGroupType = wrapper.xcdatamodel;
		};
/* End XCVersionGroup section */
	};
	rootObject = 2CDCBAD21E5D278E000AD796 /* Project object */;
}
